
Microsoft Visual Studio Solution File, Format Version 12.00
# Visual Studio Version 17
VisualStudioVersion = 17.5.33516.290
MinimumVisualStudioVersion = 10.0.40219.1
Project("{FAE04EC0-301F-11D3-BF4B-00C04F79EFBC}") = "ProjectCleanup", "ProjectCleanup\ProjectCleanup.csproj", "{3A45DBCF-73D7-4054-8DB5-2A6501DE4127}"
EndProject
Global
	GlobalSection(SolutionConfigurationPlatforms) = preSolution
		Debug|Any CPU = Debug|Any CPU
		Release|Any CPU = Release|Any CPU
	EndGlobalSection
	GlobalSection(ProjectConfigurationPlatforms) = postSolution
		{3A45DBCF-73D7-4054-8DB5-2A6501DE4127}.Debug|Any CPU.ActiveCfg = Debug|Any CPU
		{3A45DBCF-73D7-4054-8DB5-2A6501DE4127}.Debug|Any CPU.Build.0 = Debug|Any CPU
		{3A45DBCF-73D7-4054-8DB5-2A6501DE4127}.Release|Any CPU.ActiveCfg = Release|Any CPU
		{3A45DBCF-73D7-4054-8DB5-2A6501DE4127}.Release|Any CPU.Build.0 = Release|Any CPU
	EndGlobalSection
	GlobalSection(SolutionProperties) = preSolution
		HideSolutionNode = FALSE
	EndGlobalSection
	GlobalSection(ExtensibilityGlobals) = postSolution
		SolutionGuid = {8BA66743-3939-4B81-83CE-F156809A4B82}
	EndGlobalSection
EndGlobal
